
Microsoft Visual Studio Solution File, Format Version 11.00
# Visual Studio 2010
Project("{FAE04EC0-301F-11D3-BF4B-00C04F79EFBC}") = "Assembly-CSharp-firstpass", "Assembly-CSharp-firstpass.csproj", "{F688C5CB-D314-2345-7487-E00D38FC3597}"
EndProject
Project("{FAE04EC0-301F-11D3-BF4B-00C04F79EFBC}") = "Assembly-CSharp", "Assembly-CSharp.csproj", "{6E9C0FA0-883C-EE7F-6E50-21A655A143E9}"
EndProject
Project("{FAE04EC0-301F-11D3-BF4B-00C04F79EFBC}") = "Assembly-CSharp-Editor-firstpass", "Assembly-CSharp-Editor-firstpass.csproj", "{75569CE4-BE13-FBB7-1948-C666BC5DA7BD}"
EndProject
Global
	GlobalSection(SolutionConfigurationPlatforms) = preSolution
		Debug|Any CPU = Debug|Any CPU
		Release|Any CPU = Release|Any CPU
	EndGlobalSection
	GlobalSection(ProjectConfigurationPlatforms) = postSolution
		{F688C5CB-D314-2345-7487-E00D38FC3597}.Debug|Any CPU.ActiveCfg = Debug|Any CPU
		{F688C5CB-D314-2345-7487-E00D38FC3597}.Debug|Any CPU.Build.0 = Debug|Any CPU
		{F688C5CB-D314-2345-7487-E00D38FC3597}.Release|Any CPU.ActiveCfg = Release|Any CPU
		{F688C5CB-D314-2345-7487-E00D38FC3597}.Release|Any CPU.Build.0 = Release|Any CPU
		{6E9C0FA0-883C-EE7F-6E50-21A655A143E9}.Debug|Any CPU.ActiveCfg = Debug|Any CPU
		{6E9C0FA0-883C-EE7F-6E50-21A655A143E9}.Debug|Any CPU.Build.0 = Debug|Any CPU
		{6E9C0FA0-883C-EE7F-6E50-21A655A143E9}.Release|Any CPU.ActiveCfg = Release|Any CPU
		{6E9C0FA0-883C-EE7F-6E50-21A655A143E9}.Release|Any CPU.Build.0 = Release|Any CPU
		{75569CE4-BE13-FBB7-1948-C666BC5DA7BD}.Debug|Any CPU.ActiveCfg = Debug|Any CPU
		{75569CE4-BE13-FBB7-1948-C666BC5DA7BD}.Debug|Any CPU.Build.0 = Debug|Any CPU
		{75569CE4-BE13-FBB7-1948-C666BC5DA7BD}.Release|Any CPU.ActiveCfg = Release|Any CPU
		{75569CE4-BE13-FBB7-1948-C666BC5DA7BD}.Release|Any CPU.Build.0 = Release|Any CPU
	EndGlobalSection
	GlobalSection(SolutionProperties) = preSolution
		HideSolutionNode = FALSE
	EndGlobalSection
	GlobalSection(MonoDevelopProperties) = preSolution
		StartupItem = Assembly-CSharp.csproj
	EndGlobalSection
EndGlobal
